# This file is generated by running "yarn install" inside your project.
# Manual changes might be lost - proceed with caution!

__metadata:
  version: 8
  cacheKey: 10

"@favware/colorette-spinner@npm:^1.0.1":
  version: 1.0.1
  resolution: "@favware/colorette-spinner@npm:1.0.1"
  dependencies:
    colorette: "npm:*"
  checksum: 2dc46f83c38eadddee622586234fb0c523e461ac123e18156d9563eb06941dcfaddb7caf1b985377daed1e0024fb170e28ed2269e91e737ea56287272c5de921
  languageName: node
  linkType: hard

"@sapphire/node-utilities@npm:^1.0.0":
  version: 1.0.0
  resolution: "@sapphire/node-utilities@npm:1.0.0"
  checksum: eb919c92e8b230dbfb57a38d631788c28c00512c587b2c37cbb4d2c0968ea35c48439a065a10ab4bce929c04e8b1523dfa12a1f655ae5988866428118c11ac20
  languageName: node
  linkType: hard

"@sapphire/prettier-config@npm:^2.0.0":
  version: 2.0.0
  resolution: "@sapphire/prettier-config@npm:2.0.0"
  dependencies:
    prettier: "npm:^3.0.0"
  checksum: 900ec710173f05a31e3fe25151221d2c5f0d385d2f6e0b68d3a4713412e70871e6b64c3107d1f6952fff7e5032cb37186b9b522ab1eb048bbde6de09e8ecb027
  languageName: node
  linkType: hard

"ansi-sequence-parser@npm:^1.1.0":
  version: 1.1.0
  resolution: "ansi-sequence-parser@npm:1.1.0"
  checksum: b9a9bd4ce0ec58c90e1ca404f74b45b0dbbc96e8cb8d856ede122e2c5c2d3b6a1054f181dde22bc0f1f2a7ea971cdcb8f47c6fd76ed8878b3676416522df615a
  languageName: node
  linkType: hard

"argparse@npm:^2.0.1":
  version: 2.0.1
  resolution: "argparse@npm:2.0.1"
  checksum: 18640244e641a417ec75a9bd38b0b2b6b95af5199aa241b131d4b2fb206f334d7ecc600bd194861610a5579084978bfcbb02baa399dbe442d56d0ae5e60dbaef
  languageName: node
  linkType: hard

"balanced-match@npm:^1.0.0":
  version: 1.0.2
  resolution: "balanced-match@npm:1.0.2"
  checksum: 9706c088a283058a8a99e0bf91b0a2f75497f185980d9ffa8b304de1d9e58ebda7c72c07ebf01dadedaac5b2907b2c6f566f660d62bd336c3468e960403b9d65
  languageName: node
  linkType: hard

"brace-expansion@npm:^2.0.1":
  version: 2.0.1
  resolution: "brace-expansion@npm:2.0.1"
  dependencies:
    balanced-match: "npm:^1.0.0"
  checksum: a61e7cd2e8a8505e9f0036b3b6108ba5e926b4b55089eeb5550cd04a471fe216c96d4fe7e4c7f995c728c554ae20ddfc4244cad10aef255e72b62930afd233d1
  languageName: node
  linkType: hard

"colorette@npm:*, colorette@npm:^2.0.20":
  version: 2.0.20
  resolution: "colorette@npm:2.0.20"
  checksum: 0b8de48bfa5d10afc160b8eaa2b9938f34a892530b2f7d7897e0458d9535a066e3998b49da9d21161c78225b272df19ae3a64d6df28b4c9734c0e55bbd02406f
  languageName: node
  linkType: hard

"commander@npm:^11.0.0":
  version: 11.0.0
  resolution: "commander@npm:11.0.0"
  checksum: 71cf453771c15d4e94afdd76a1e9bb31597dbc5f33130a1d399a4a7bc14eac765ebca7f0e077f347e5119087f6faa0017fd5e3cb6e4fc5c453853334c26162bc
  languageName: node
  linkType: hard

"docs@workspace:.":
  version: 0.0.0-use.local
  resolution: "docs@workspace:."
  dependencies:
    "@sapphire/prettier-config": "npm:^2.0.0"
    prettier: "npm:^3.0.3"
    typedoc-json-parser: "npm:^9.0.1"
  languageName: unknown
  linkType: soft

"js-yaml@npm:^4.1.0":
  version: 4.1.0
  resolution: "js-yaml@npm:4.1.0"
  dependencies:
    argparse: "npm:^2.0.1"
  bin:
    js-yaml: bin/js-yaml.js
  checksum: c138a34a3fd0d08ebaf71273ad4465569a483b8a639e0b118ff65698d257c2791d3199e3f303631f2cb98213fa7b5f5d6a4621fd0fff819421b990d30d967140
  languageName: node
  linkType: hard

"jsonc-parser@npm:^3.2.0":
  version: 3.2.0
  resolution: "jsonc-parser@npm:3.2.0"
  checksum: bd68b902e5f9394f01da97921f49c5084b2dc03a0c5b4fdb2a429f8d6f292686c1bf87badaeb0a8148d024192a88f5ad2e57b2918ba43fe25cf15f3371db64d4
  languageName: node
  linkType: hard

"lunr@npm:^2.3.9":
  version: 2.3.9
  resolution: "lunr@npm:2.3.9"
  checksum: f2f6db34c046f5a767782fe2454e6dd69c75ba3c5cf5c1cb9cacca2313a99c2ba78ff8fa67dac866fb7c4ffd5f22e06684793f5f15ba14bddb598b94513d54bf
  languageName: node
  linkType: hard

"marked@npm:^4.3.0":
  version: 4.3.0
  resolution: "marked@npm:4.3.0"
  bin:
    marked: bin/marked.js
  checksum: c830bb4cb3705b754ca342b656e8a582d7428706b2678c898b856f6030c134ce2d1e19136efa3e6a1841f7330efbd24963d6bdeddc57d2938e906250f99895d0
  languageName: node
  linkType: hard

"minimatch@npm:^9.0.3":
  version: 9.0.3
  resolution: "minimatch@npm:9.0.3"
  dependencies:
    brace-expansion: "npm:^2.0.1"
  checksum: c81b47d28153e77521877649f4bab48348d10938df9e8147a58111fe00ef89559a2938de9f6632910c4f7bf7bb5cd81191a546167e58d357f0cfb1e18cecc1c5
  languageName: node
  linkType: hard

"prettier@npm:^3.0.0, prettier@npm:^3.0.3":
  version: 3.0.3
  resolution: "prettier@npm:3.0.3"
  bin:
    prettier: bin/prettier.cjs
  checksum: ccf1ead9794b017be6b42d0873f459070beef2069eb393c8b4c0d11aa3430acefc54f6d5f44a5b7ce9af05ad8daf694b912f0aa2808d1c22dfa86e61e9d563f8
  languageName: node
  linkType: hard

"shiki@npm:^0.14.1":
  version: 0.14.1
  resolution: "shiki@npm:0.14.1"
  dependencies:
    ansi-sequence-parser: "npm:^1.1.0"
    jsonc-parser: "npm:^3.2.0"
    vscode-oniguruma: "npm:^1.7.0"
    vscode-textmate: "npm:^8.0.0"
  checksum: 6256651a5db0cfcb3069c483e8cc43765af24fce0df6e5fdb515e61d52b0880c06c43bc1e6f7ef1bd58bada38830e6e7367256ce9472e879af1c88c41231b13b
  languageName: node
  linkType: hard

"tslib@npm:^2.6.2":
  version: 2.6.2
  resolution: "tslib@npm:2.6.2"
  checksum: bd26c22d36736513980091a1e356378e8b662ded04204453d353a7f34a4c21ed0afc59b5f90719d4ba756e581a162ecbf93118dc9c6be5acf70aa309188166ca
  languageName: node
  linkType: hard

"typedoc-json-parser@npm:^9.0.1":
  version: 9.0.1
  resolution: "typedoc-json-parser@npm:9.0.1"
  dependencies:
    "@favware/colorette-spinner": "npm:^1.0.1"
    "@sapphire/node-utilities": "npm:^1.0.0"
    colorette: "npm:^2.0.20"
    commander: "npm:^11.0.0"
    js-yaml: "npm:^4.1.0"
    tslib: "npm:^2.6.2"
    typedoc: "npm:^0.25.1"
    typescript: "npm:^5.2.2"
  bin:
    typedoc-json-parser: ./dist/bin/index.js
  checksum: a4b19a3c83f3f0f5d0b36d433b83be2d1d2b9e247ac032b318369ac797b0bdcf8c0f0041855747c14a51152d505333156e87845a1dd4f3746443f666e43a01f2
  languageName: node
  linkType: hard

"typedoc@npm:^0.25.1":
  version: 0.25.1
  resolution: "typedoc@npm:0.25.1"
  dependencies:
    lunr: "npm:^2.3.9"
    marked: "npm:^4.3.0"
    minimatch: "npm:^9.0.3"
    shiki: "npm:^0.14.1"
  peerDependencies:
    typescript: 4.6.x || 4.7.x || 4.8.x || 4.9.x || 5.0.x || 5.1.x || 5.2.x
  bin:
    typedoc: bin/typedoc
  checksum: 0c11714fb67bc059a435b777c1d3bd499701aaa63f259206c9bc71ee7aca5e85b7d67584306b966e6415f904b4e97265c27b85f11537ed267f47eced1d09bf8a
  languageName: node
  linkType: hard

"typescript@npm:^5.2.2":
  version: 5.2.2
  resolution: "typescript@npm:5.2.2"
  bin:
    tsc: bin/tsc
    tsserver: bin/tsserver
  checksum: d65e50eb849bd21ff8677e5b9447f9c6e74777e346afd67754934264dcbf4bd59e7d2473f6062d9a015d66bd573311166357e3eb07fea0b52859cf9bb2b58555
  languageName: node
  linkType: hard

"typescript@patch:typescript@npm%3A^5.2.2#optional!builtin<compat/typescript>":
  version: 5.2.2
  resolution: "typescript@patch:typescript@npm%3A5.2.2#optional!builtin<compat/typescript>::version=5.2.2&hash=f3b441"
  bin:
    tsc: bin/tsc
    tsserver: bin/tsserver
  checksum: f79cc2ba802c94c2b78dbb00d767a10adb67368ae764709737dc277273ec148aa4558033a03ce901406b35fddf4eac46dabc94a1e1d12d2587e2b9cfe5707b4a
  languageName: node
  linkType: hard

"vscode-oniguruma@npm:^1.7.0":
  version: 1.7.0
  resolution: "vscode-oniguruma@npm:1.7.0"
  checksum: 7da9d21459f9788544b258a5fd1b9752df6edd8b406a19eea0209c6bf76507d5717277016799301c4da0d536095f9ca8c06afd1ab8f4001189090c804ca4814e
  languageName: node
  linkType: hard

"vscode-textmate@npm:^8.0.0":
  version: 8.0.0
  resolution: "vscode-textmate@npm:8.0.0"
  checksum: 9fa7d66d6042cb090d116c2d8820d34c8870cfcbaed6e404da89f66b899970ed0ac47b59a2e30fc40a25af5414822bb3ea27974f714e9b91910d69c894be95f7
  languageName: node
  linkType: hard
